
Microsoft Visual Studio Solution File, Format Version 12.00
# Visual Studio Version 17
VisualStudioVersion = 17.0.31903.59
MinimumVisualStudioVersion = 10.0.40219.1
Project("{9A19103F-16F7-4668-BE54-9A1E7A4F7556}") = "CryptoHelper", "CryptoHelper\CryptoHelper.csproj", "{9A51024B-3527-4C62-9B7C-CB5C1294B0F4}"
EndProject
Project("{9A19103F-16F7-4668-BE54-9A1E7A4F7556}") = "XUnitTest", "XUnitTest\XUnitTest.csproj", "{A29B9070-697E-41B4-AF2E-DEC70143B977}"
EndProject
Project("{FAE04EC0-301F-11D3-BF4B-00C04F79EFBC}") = "ConsoleApp1", "ConsoleApp1\ConsoleApp1.csproj", "{40E0F0F0-AF5B-4F22-93B1-A8C26F93F3E6}"
EndProject
Global
	GlobalSection(SolutionConfigurationPlatforms) = preSolution
		Debug|Any CPU = Debug|Any CPU
		Release|Any CPU = Release|Any CPU
	EndGlobalSection
	GlobalSection(ProjectConfigurationPlatforms) = postSolution
		{9A51024B-3527-4C62-9B7C-CB5C1294B0F4}.Debug|Any CPU.ActiveCfg = Debug|Any CPU
		{9A51024B-3527-4C62-9B7C-CB5C1294B0F4}.Debug|Any CPU.Build.0 = Debug|Any CPU
		{9A51024B-3527-4C62-9B7C-CB5C1294B0F4}.Release|Any CPU.ActiveCfg = Release|Any CPU
		{9A51024B-3527-4C62-9B7C-CB5C1294B0F4}.Release|Any CPU.Build.0 = Release|Any CPU
		{A29B9070-697E-41B4-AF2E-DEC70143B977}.Debug|Any CPU.ActiveCfg = Debug|Any CPU
		{A29B9070-697E-41B4-AF2E-DEC70143B977}.Debug|Any CPU.Build.0 = Debug|Any CPU
		{A29B9070-697E-41B4-AF2E-DEC70143B977}.Release|Any CPU.ActiveCfg = Release|Any CPU
		{A29B9070-697E-41B4-AF2E-DEC70143B977}.Release|Any CPU.Build.0 = Release|Any CPU
		{40E0F0F0-AF5B-4F22-93B1-A8C26F93F3E6}.Debug|Any CPU.ActiveCfg = Debug|Any CPU
		{40E0F0F0-AF5B-4F22-93B1-A8C26F93F3E6}.Debug|Any CPU.Build.0 = Debug|Any CPU
		{40E0F0F0-AF5B-4F22-93B1-A8C26F93F3E6}.Release|Any CPU.ActiveCfg = Release|Any CPU
		{40E0F0F0-AF5B-4F22-93B1-A8C26F93F3E6}.Release|Any CPU.Build.0 = Release|Any CPU
	EndGlobalSection
	GlobalSection(SolutionProperties) = preSolution
		HideSolutionNode = FALSE
	EndGlobalSection
	GlobalSection(ExtensibilityGlobals) = postSolution
		SolutionGuid = {F4A36CCC-82B9-4620-B49F-E30FD25F3E4A}
	EndGlobalSection
EndGlobal
